
Microsoft Visual Studio Solution File, Format Version 12.00
# Visual Studio Version 17
VisualStudioVersion = 17.9.34728.123
MinimumVisualStudioVersion = 10.0.40219.1
Project("{FAE04EC0-301F-11D3-BF4B-00C04F79EFBC}") = "WebAPI", "WebAPI\WebAPI.csproj", "{1794D951-49B4-4E6A-885A-25BDE72E03E3}"
EndProject
Global
	GlobalSection(SolutionConfigurationPlatforms) = preSolution
		Debug|Any CPU = Debug|Any CPU
		Release|Any CPU = Release|Any CPU
	EndGlobalSection
	GlobalSection(ProjectConfigurationPlatforms) = postSolution
		{1794D951-49B4-4E6A-885A-25BDE72E03E3}.Debug|Any CPU.ActiveCfg = Debug|Any CPU
		{1794D951-49B4-4E6A-885A-25BDE72E03E3}.Debug|Any CPU.Build.0 = Debug|Any CPU
		{1794D951-49B4-4E6A-885A-25BDE72E03E3}.Release|Any CPU.ActiveCfg = Release|Any CPU
		{1794D951-49B4-4E6A-885A-25BDE72E03E3}.Release|Any CPU.Build.0 = Release|Any CPU
	EndGlobalSection
	GlobalSection(SolutionProperties) = preSolution
		HideSolutionNode = FALSE
	EndGlobalSection
	GlobalSection(ExtensibilityGlobals) = postSolution
		SolutionGuid = {A6173295-FC30-40DB-92FC-68EB37D29E07}
	EndGlobalSection
EndGlobal
